
Microsoft Visual Studio Solution File, Format Version 12.00
# Visual Studio Version 17
VisualStudioVersion = 17.7.34031.279
MinimumVisualStudioVersion = 10.0.40219.1
Project("{9A19103F-16F7-4668-BE54-9A1E7A4F7556}") = "Desktop App", "WinFormsApp1\Desktop App.csproj", "{6122B7FC-A305-4877-A59E-CBA9BBCB86FF}"
EndProject
Project("{9A19103F-16F7-4668-BE54-9A1E7A4F7556}") = "LogicLayerClassLibrary", "LogicLayerClassLibrary\LogicLayerClassLibrary.csproj", "{2E303875-0FF6-4AE5-9EDC-1BDE5FCF1EE2}"
EndProject
Project("{9A19103F-16F7-4668-BE54-9A1E7A4F7556}") = "Web app", "Web app\Web app.csproj", "{BECA937A-5D19-4AA2-82B7-EDFB7C8D2D69}"
EndProject
Project("{9A19103F-16F7-4668-BE54-9A1E7A4F7556}") = "DALClassLibrary", "DALClassLibrary\DALClassLibrary.csproj", "{06E8EC0C-FE51-4C87-8934-314B493B30C0}"
EndProject
Project("{9A19103F-16F7-4668-BE54-9A1E7A4F7556}") = "ModelLibrary", "ModelLibrary\ModelLibrary.csproj", "{146FD270-1D24-48E1-8F51-FAF8E1AF0326}"
EndProject
Project("{FAE04EC0-301F-11D3-BF4B-00C04F79EFBC}") = "TestSuite", "TestSuite\TestSuite.csproj", "{4C37C37F-C1FB-4239-9AC2-1D57DC4B7873}"
EndProject
Global
	GlobalSection(SolutionConfigurationPlatforms) = preSolution
		Debug|Any CPU = Debug|Any CPU
		Release|Any CPU = Release|Any CPU
	EndGlobalSection
	GlobalSection(ProjectConfigurationPlatforms) = postSolution
		{6122B7FC-A305-4877-A59E-CBA9BBCB86FF}.Debug|Any CPU.ActiveCfg = Debug|Any CPU
		{6122B7FC-A305-4877-A59E-CBA9BBCB86FF}.Debug|Any CPU.Build.0 = Debug|Any CPU
		{6122B7FC-A305-4877-A59E-CBA9BBCB86FF}.Release|Any CPU.ActiveCfg = Release|Any CPU
		{6122B7FC-A305-4877-A59E-CBA9BBCB86FF}.Release|Any CPU.Build.0 = Release|Any CPU
		{2E303875-0FF6-4AE5-9EDC-1BDE5FCF1EE2}.Debug|Any CPU.ActiveCfg = Debug|Any CPU
		{2E303875-0FF6-4AE5-9EDC-1BDE5FCF1EE2}.Debug|Any CPU.Build.0 = Debug|Any CPU
		{2E303875-0FF6-4AE5-9EDC-1BDE5FCF1EE2}.Release|Any CPU.ActiveCfg = Release|Any CPU
		{2E303875-0FF6-4AE5-9EDC-1BDE5FCF1EE2}.Release|Any CPU.Build.0 = Release|Any CPU
		{BECA937A-5D19-4AA2-82B7-EDFB7C8D2D69}.Debug|Any CPU.ActiveCfg = Debug|Any CPU
		{BECA937A-5D19-4AA2-82B7-EDFB7C8D2D69}.Debug|Any CPU.Build.0 = Debug|Any CPU
		{BECA937A-5D19-4AA2-82B7-EDFB7C8D2D69}.Release|Any CPU.ActiveCfg = Release|Any CPU
		{BECA937A-5D19-4AA2-82B7-EDFB7C8D2D69}.Release|Any CPU.Build.0 = Release|Any CPU
		{06E8EC0C-FE51-4C87-8934-314B493B30C0}.Debug|Any CPU.ActiveCfg = Debug|Any CPU
		{06E8EC0C-FE51-4C87-8934-314B493B30C0}.Debug|Any CPU.Build.0 = Debug|Any CPU
		{06E8EC0C-FE51-4C87-8934-314B493B30C0}.Release|Any CPU.ActiveCfg = Release|Any CPU
		{06E8EC0C-FE51-4C87-8934-314B493B30C0}.Release|Any CPU.Build.0 = Release|Any CPU
		{146FD270-1D24-48E1-8F51-FAF8E1AF0326}.Debug|Any CPU.ActiveCfg = Debug|Any CPU
		{146FD270-1D24-48E1-8F51-FAF8E1AF0326}.Debug|Any CPU.Build.0 = Debug|Any CPU
		{146FD270-1D24-48E1-8F51-FAF8E1AF0326}.Release|Any CPU.ActiveCfg = Release|Any CPU
		{146FD270-1D24-48E1-8F51-FAF8E1AF0326}.Release|Any CPU.Build.0 = Release|Any CPU
		{4C37C37F-C1FB-4239-9AC2-1D57DC4B7873}.Debug|Any CPU.ActiveCfg = Debug|Any CPU
		{4C37C37F-C1FB-4239-9AC2-1D57DC4B7873}.Debug|Any CPU.Build.0 = Debug|Any CPU
		{4C37C37F-C1FB-4239-9AC2-1D57DC4B7873}.Release|Any CPU.ActiveCfg = Release|Any CPU
		{4C37C37F-C1FB-4239-9AC2-1D57DC4B7873}.Release|Any CPU.Build.0 = Release|Any CPU
	EndGlobalSection
	GlobalSection(SolutionProperties) = preSolution
		HideSolutionNode = FALSE
	EndGlobalSection
	GlobalSection(ExtensibilityGlobals) = postSolution
		SolutionGuid = {C85D41A1-2D4D-4BA9-A216-B813836013CC}
	EndGlobalSection
EndGlobal
